
Microsoft Visual Studio Solution File, Format Version 11.00
# Visual Studio 2010
Project("{FAE04EC0-301F-11D3-BF4B-00C04F79EFBC}") = "Unity.Core", "Unity.Core.csproj", "{960c6f28-a31c-97d3-77a4-fb6bc1c43811}"
EndProject
Project("{FAE04EC0-301F-11D3-BF4B-00C04F79EFBC}") = "Unity.ThirdParty", "Unity.ThirdParty.csproj", "{f4a75b88-11e2-7273-6296-d7784b3f0854}"
EndProject
Project("{FAE04EC0-301F-11D3-BF4B-00C04F79EFBC}") = "Unity.Mono", "Unity.Mono.csproj", "{daf4b4ae-1e17-8524-7608-d97079524b4d}"
EndProject
Project("{FAE04EC0-301F-11D3-BF4B-00C04F79EFBC}") = "Unity.Editor", "Unity.Editor.csproj", "{5e9a8d27-f62a-3cce-523b-06233d420565}"
EndProject
Project("{FAE04EC0-301F-11D3-BF4B-00C04F79EFBC}") = "Unity.HotfixView", "Unity.HotfixView.csproj", "{71cc2bbf-7bce-ea4a-1e1d-e50fb83c8982}"
EndProject
Project("{FAE04EC0-301F-11D3-BF4B-00C04F79EFBC}") = "Unity.Model", "Unity.Model.csproj", "{e54d302e-88f8-3960-9eb8-4d54ddf33ff5}"
EndProject
Project("{FAE04EC0-301F-11D3-BF4B-00C04F79EFBC}") = "Unity.ModelView", "Unity.ModelView.csproj", "{acc430ca-7055-3d8d-690e-2b46ed39fbc8}"
EndProject
Project("{FAE04EC0-301F-11D3-BF4B-00C04F79EFBC}") = "Unity.Hotfix", "Unity.Hotfix.csproj", "{79f41d3b-2a57-a025-1854-8b0c5c5da19d}"
EndProject
Project("{FAE04EC0-301F-11D3-BF4B-00C04F79EFBC}") = "Assembly-CSharp", "Assembly-CSharp.csproj", "{4f6d468a-4c43-8493-5f7f-0229248bdaf0}"
EndProject
Global
	GlobalSection(SolutionConfigurationPlatforms) = preSolution
		Debug|Any CPU = Debug|Any CPU
	EndGlobalSection
	GlobalSection(ProjectConfigurationPlatforms) = postSolution
		{960c6f28-a31c-97d3-77a4-fb6bc1c43811}.Debug|Any CPU.ActiveCfg = Debug|Any CPU
		{960c6f28-a31c-97d3-77a4-fb6bc1c43811}.Debug|Any CPU.Build.0 = Debug|Any CPU
		{f4a75b88-11e2-7273-6296-d7784b3f0854}.Debug|Any CPU.ActiveCfg = Debug|Any CPU
		{f4a75b88-11e2-7273-6296-d7784b3f0854}.Debug|Any CPU.Build.0 = Debug|Any CPU
		{daf4b4ae-1e17-8524-7608-d97079524b4d}.Debug|Any CPU.ActiveCfg = Debug|Any CPU
		{daf4b4ae-1e17-8524-7608-d97079524b4d}.Debug|Any CPU.Build.0 = Debug|Any CPU
		{5e9a8d27-f62a-3cce-523b-06233d420565}.Debug|Any CPU.ActiveCfg = Debug|Any CPU
		{5e9a8d27-f62a-3cce-523b-06233d420565}.Debug|Any CPU.Build.0 = Debug|Any CPU
		{71cc2bbf-7bce-ea4a-1e1d-e50fb83c8982}.Debug|Any CPU.ActiveCfg = Debug|Any CPU
		{71cc2bbf-7bce-ea4a-1e1d-e50fb83c8982}.Debug|Any CPU.Build.0 = Debug|Any CPU
		{e54d302e-88f8-3960-9eb8-4d54ddf33ff5}.Debug|Any CPU.ActiveCfg = Debug|Any CPU
		{e54d302e-88f8-3960-9eb8-4d54ddf33ff5}.Debug|Any CPU.Build.0 = Debug|Any CPU
		{acc430ca-7055-3d8d-690e-2b46ed39fbc8}.Debug|Any CPU.ActiveCfg = Debug|Any CPU
		{acc430ca-7055-3d8d-690e-2b46ed39fbc8}.Debug|Any CPU.Build.0 = Debug|Any CPU
		{79f41d3b-2a57-a025-1854-8b0c5c5da19d}.Debug|Any CPU.ActiveCfg = Debug|Any CPU
		{79f41d3b-2a57-a025-1854-8b0c5c5da19d}.Debug|Any CPU.Build.0 = Debug|Any CPU
		{4f6d468a-4c43-8493-5f7f-0229248bdaf0}.Debug|Any CPU.ActiveCfg = Debug|Any CPU
		{4f6d468a-4c43-8493-5f7f-0229248bdaf0}.Debug|Any CPU.Build.0 = Debug|Any CPU
	EndGlobalSection
	GlobalSection(SolutionProperties) = preSolution
		HideSolutionNode = FALSE
	EndGlobalSection
EndGlobal
